// !$*UTF8*$!
{
	archiveVersion = 1;
	classes = {
	};
	objectVersion = 55;
	objects = {

/* Begin PBXBuildFile section */
		2E0513AE27E0428300D6F8A7 /* SettingsTableViewController.swift in Sources */ = {isa = PBXBuildFile; fileRef = 2E0513AD27E0428300D6F8A7 /* SettingsTableViewController.swift */; };
		2E0513B027E351ED00D6F8A7 /* FriendsViewController.swift in Sources */ = {isa = PBXBuildFile; fileRef = 2E0513AF27E351ED00D6F8A7 /* FriendsViewController.swift */; };
		2E0513B227E357E000D6F8A7 /* UserTableViewCell.swift in Sources */ = {isa = PBXBuildFile; fileRef = 2E0513B127E357E000D6F8A7 /* UserTableViewCell.swift */; };
		2E60A78127D63FAB0015F3FD /* FullScreenViewController.swift in Sources */ = {isa = PBXBuildFile; fileRef = 2E60A78027D63FAB0015F3FD /* FullScreenViewController.swift */; };
		2E60A78427D647CA0015F3FD /* FullScreenCollectionViewCell.swift in Sources */ = {isa = PBXBuildFile; fileRef = 2E60A78227D647CA0015F3FD /* FullScreenCollectionViewCell.swift */; };
		2E60A78527D647CA0015F3FD /* FullScreenCollectionViewCell.xib in Resources */ = {isa = PBXBuildFile; fileRef = 2E60A78327D647CA0015F3FD /* FullScreenCollectionViewCell.xib */; };
		2EACC1E227E3776500159D29 /* User.swift in Sources */ = {isa = PBXBuildFile; fileRef = 2EACC1E127E3776500159D29 /* User.swift */; };
		2EACC1E427E3793300159D29 /* ModelUser.swift in Sources */ = {isa = PBXBuildFile; fileRef = 2EACC1E327E3793300159D29 /* ModelUser.swift */; };
		2EACC1E627E3823800159D29 /* Media.xcassets in Resources */ = {isa = PBXBuildFile; fileRef = 2EACC1E527E3823800159D29 /* Media.xcassets */; };
		2EACC1E827EC821600159D29 /* UserViewController.swift in Sources */ = {isa = PBXBuildFile; fileRef = 2EACC1E727EC821600159D29 /* UserViewController.swift */; };
		2EACC1EA27F30B4F00159D29 /* MapViewController.swift in Sources */ = {isa = PBXBuildFile; fileRef = 2EACC1E927F30B4F00159D29 /* MapViewController.swift */; };
		2EFD111827AA60540001A63D /* AppDelegate.swift in Sources */ = {isa = PBXBuildFile; fileRef = 2EFD111727AA60540001A63D /* AppDelegate.swift */; };
		2EFD111A27AA60540001A63D /* SceneDelegate.swift in Sources */ = {isa = PBXBuildFile; fileRef = 2EFD111927AA60540001A63D /* SceneDelegate.swift */; };
		2EFD111C27AA60540001A63D /* ProfileViewController.swift in Sources */ = {isa = PBXBuildFile; fileRef = 2EFD111B27AA60540001A63D /* ProfileViewController.swift */; };
		2EFD111F27AA60540001A63D /* Main.storyboard in Resources */ = {isa = PBXBuildFile; fileRef = 2EFD111D27AA60540001A63D /* Main.storyboard */; };
		2EFD112427AA60560001A63D /* LaunchScreen.storyboard in Resources */ = {isa = PBXBuildFile; fileRef = 2EFD112227AA60560001A63D /* LaunchScreen.storyboard */; };
		2EFD112C27AA76B90001A63D /* SettingsViewController.swift in Sources */ = {isa = PBXBuildFile; fileRef = 2EFD112B27AA76B90001A63D /* SettingsViewController.swift */; };
		2EFD112E27AA77C00001A63D /* GreenViewController.swift in Sources */ = {isa = PBXBuildFile; fileRef = 2EFD112D27AA77C00001A63D /* GreenViewController.swift */; };
		2EFD113027AADC890001A63D /* PhotoGallery.swift in Sources */ = {isa = PBXBuildFile; fileRef = 2EFD112F27AADC890001A63D /* PhotoGallery.swift */; };
		2EFD113327AAE3B60001A63D /* PhotoCollectionViewCell.swift in Sources */ = {isa = PBXBuildFile; fileRef = 2EFD113127AAE3B60001A63D /* PhotoCollectionViewCell.swift */; };
		2EFD113427AAE3B60001A63D /* PhotoCollectionViewCell.xib in Resources */ = {isa = PBXBuildFile; fileRef = 2EFD113227AAE3B60001A63D /* PhotoCollectionViewCell.xib */; };
/* End PBXBuildFile section */

/* Begin PBXFileReference section */
		2E0513AD27E0428300D6F8A7 /* SettingsTableViewController.swift */ = {isa = PBXFileReference; lastKnownFileType = sourcecode.swift; path = SettingsTableViewController.swift; sourceTree = "<group>"; };
		2E0513AF27E351ED00D6F8A7 /* FriendsViewController.swift */ = {isa = PBXFileReference; lastKnownFileType = sourcecode.swift; path = FriendsViewController.swift; sourceTree = "<group>"; };
		2E0513B127E357E000D6F8A7 /* UserTableViewCell.swift */ = {isa = PBXFileReference; lastKnownFileType = sourcecode.swift; path = UserTableViewCell.swift; sourceTree = "<group>"; };
		2E60A78027D63FAB0015F3FD /* FullScreenViewController.swift */ = {isa = PBXFileReference; lastKnownFileType = sourcecode.swift; path = FullScreenViewController.swift; sourceTree = "<group>"; };
		2E60A78227D647CA0015F3FD /* FullScreenCollectionViewCell.swift */ = {isa = PBXFileReference; lastKnownFileType = sourcecode.swift; path = FullScreenCollectionViewCell.swift; sourceTree = "<group>"; };
		2E60A78327D647CA0015F3FD /* FullScreenCollectionViewCell.xib */ = {isa = PBXFileReference; lastKnownFileType = file.xib; path = FullScreenCollectionViewCell.xib; sourceTree = "<group>"; };
		2EACC1E127E3776500159D29 /* User.swift */ = {isa = PBXFileReference; lastKnownFileType = sourcecode.swift; path = User.swift; sourceTree = "<group>"; };
		2EACC1E327E3793300159D29 /* ModelUser.swift */ = {isa = PBXFileReference; lastKnownFileType = sourcecode.swift; path = ModelUser.swift; sourceTree = "<group>"; };
		2EACC1E527E3823800159D29 /* Media.xcassets */ = {isa = PBXFileReference; lastKnownFileType = folder.assetcatalog; path = Media.xcassets; sourceTree = "<group>"; };
		2EACC1E727EC821600159D29 /* UserViewController.swift */ = {isa = PBXFileReference; lastKnownFileType = sourcecode.swift; path = UserViewController.swift; sourceTree = "<group>"; };
		2EACC1E927F30B4F00159D29 /* MapViewController.swift */ = {isa = PBXFileReference; lastKnownFileType = sourcecode.swift; path = MapViewController.swift; sourceTree = "<group>"; };
		2EFD111427AA60540001A63D /* selfpractice.app */ = {isa = PBXFileReference; explicitFileType = wrapper.application; includeInIndex = 0; path = selfpractice.app; sourceTree = BUILT_PRODUCTS_DIR; };
		2EFD111727AA60540001A63D /* AppDelegate.swift */ = {isa = PBXFileReference; lastKnownFileType = sourcecode.swift; path = AppDelegate.swift; sourceTree = "<group>"; };
		2EFD111927AA60540001A63D /* SceneDelegate.swift */ = {isa = PBXFileReference; lastKnownFileType = sourcecode.swift; path = SceneDelegate.swift; sourceTree = "<group>"; };
		2EFD111B27AA60540001A63D /* ProfileViewController.swift */ = {isa = PBXFileReference; lastKnownFileType = sourcecode.swift; path = ProfileViewController.swift; sourceTree = "<group>"; };
		2EFD111E27AA60540001A63D /* Base */ = {isa = PBXFileReference; lastKnownFileType = file.storyboard; name = Base; path = Base.lproj/Main.storyboard; sourceTree = "<group>"; };
		2EFD112327AA60560001A63D /* Base */ = {isa = PBXFileReference; lastKnownFileType = file.storyboard; name = Base; path = Base.lproj/LaunchScreen.storyboard; sourceTree = "<group>"; };
		2EFD112527AA60560001A63D /* Info.plist */ = {isa = PBXFileReference; lastKnownFileType = text.plist.xml; path = Info.plist; sourceTree = "<group>"; };
		2EFD112B27AA76B90001A63D /* SettingsViewController.swift */ = {isa = PBXFileReference; lastKnownFileType = sourcecode.swift; path = SettingsViewController.swift; sourceTree = "<group>"; };
		2EFD112D27AA77C00001A63D /* GreenViewController.swift */ = {isa = PBXFileReference; lastKnownFileType = sourcecode.swift; path = GreenViewController.swift; sourceTree = "<group>"; };
		2EFD112F27AADC890001A63D /* PhotoGallery.swift */ = {isa = PBXFileReference; lastKnownFileType = sourcecode.swift; path = PhotoGallery.swift; sourceTree = "<group>"; };
		2EFD113127AAE3B60001A63D /* PhotoCollectionViewCell.swift */ = {isa = PBXFileReference; lastKnownFileType = sourcecode.swift; path = PhotoCollectionViewCell.swift; sourceTree = "<group>"; };
		2EFD113227AAE3B60001A63D /* PhotoCollectionViewCell.xib */ = {isa = PBXFileReference; lastKnownFileType = file.xib; path = PhotoCollectionViewCell.xib; sourceTree = "<group>"; };
/* End PBXFileReference section */

/* Begin PBXFrameworksBuildPhase section */
		2EFD111127AA60540001A63D /* Frameworks */ = {
			isa = PBXFrameworksBuildPhase;
			buildActionMask = 2147483647;
			files = (
			);
			runOnlyForDeploymentPostprocessing = 0;
		};
/* End PBXFrameworksBuildPhase section */

/* Begin PBXGroup section */
		2EFD110B27AA60540001A63D = {
			isa = PBXGroup;
			children = (
				2EFD111627AA60540001A63D /* selfpractice */,
				2EFD111527AA60540001A63D /* Products */,
			);
			sourceTree = "<group>";
		};
		2EFD111527AA60540001A63D /* Products */ = {
			isa = PBXGroup;
			children = (
				2EFD111427AA60540001A63D /* selfpractice.app */,
			);
			name = Products;
			sourceTree = "<group>";
		};
		2EFD111627AA60540001A63D /* selfpractice */ = {
			isa = PBXGroup;
			children = (
				2EFD111727AA60540001A63D /* AppDelegate.swift */,
				2EFD111927AA60540001A63D /* SceneDelegate.swift */,
				2EFD111B27AA60540001A63D /* ProfileViewController.swift */,
				2EFD111D27AA60540001A63D /* Main.storyboard */,
				2EACC1E127E3776500159D29 /* User.swift */,
				2EACC1E527E3823800159D29 /* Media.xcassets */,
				2EFD112227AA60560001A63D /* LaunchScreen.storyboard */,
				2EFD112527AA60560001A63D /* Info.plist */,
				2EFD112B27AA76B90001A63D /* SettingsViewController.swift */,
				2EFD112D27AA77C00001A63D /* GreenViewController.swift */,
				2EFD112F27AADC890001A63D /* PhotoGallery.swift */,
				2EFD113527AAE3D10001A63D /* Cells */,
				2E60A78027D63FAB0015F3FD /* FullScreenViewController.swift */,
				2E0513AD27E0428300D6F8A7 /* SettingsTableViewController.swift */,
				2E0513AF27E351ED00D6F8A7 /* FriendsViewController.swift */,
				2EACC1E327E3793300159D29 /* ModelUser.swift */,
				2EACC1E727EC821600159D29 /* UserViewController.swift */,
				2EACC1E927F30B4F00159D29 /* MapViewController.swift */,
			);
			path = selfpractice;
			sourceTree = "<group>";
		};
		2EFD113527AAE3D10001A63D /* Cells */ = {
			isa = PBXGroup;
			children = (
				2EFD113127AAE3B60001A63D /* PhotoCollectionViewCell.swift */,
				2EFD113227AAE3B60001A63D /* PhotoCollectionViewCell.xib */,
				2E60A78227D647CA0015F3FD /* FullScreenCollectionViewCell.swift */,
				2E60A78327D647CA0015F3FD /* FullScreenCollectionViewCell.xib */,
				2E0513B127E357E000D6F8A7 /* UserTableViewCell.swift */,
			);
			path = Cells;
			sourceTree = "<group>";
		};
/* End PBXGroup section */

/* Begin PBXNativeTarget section */
		2EFD111327AA60540001A63D /* selfpractice */ = {
			isa = PBXNativeTarget;
			buildConfigurationList = 2EFD112827AA60560001A63D /* Build configuration list for PBXNativeTarget "selfpractice" */;
			buildPhases = (
				2EFD111027AA60540001A63D /* Sources */,
				2EFD111127AA60540001A63D /* Frameworks */,
				2EFD111227AA60540001A63D /* Resources */,
			);
			buildRules = (
			);
			dependencies = (
			);
			name = selfpractice;
			productName = selfpractice;
			productReference = 2EFD111427AA60540001A63D /* selfpractice.app */;
			productType = "com.apple.product-type.application";
		};
/* End PBXNativeTarget section */

/* Begin PBXProject section */
		2EFD110C27AA60540001A63D /* Project object */ = {
			isa = PBXProject;
			attributes = {
				BuildIndependentTargetsInParallel = 1;
				LastSwiftUpdateCheck = 1320;
				LastUpgradeCheck = 1320;
				TargetAttributes = {
					2EFD111327AA60540001A63D = {
						CreatedOnToolsVersion = 13.2.1;
					};
				};
			};
			buildConfigurationList = 2EFD110F27AA60540001A63D /* Build configuration list for PBXProject "selfpractice" */;
			compatibilityVersion = "Xcode 13.0";
			developmentRegion = en;
			hasScannedForEncodings = 0;
			knownRegions = (
				en,
				Base,
			);
			mainGroup = 2EFD110B27AA60540001A63D;
			productRefGroup = 2EFD111527AA60540001A63D /* Products */;
			projectDirPath = "";
			projectRoot = "";
			targets = (
				2EFD111327AA60540001A63D /* selfpractice */,
			);
		};
/* End PBXProject section */

/* Begin PBXResourcesBuildPhase section */
		2EFD111227AA60540001A63D /* Resources */ = {
			isa = PBXResourcesBuildPhase;
			buildActionMask = 2147483647;
			files = (
				2EACC1E627E3823800159D29 /* Media.xcassets in Resources */,
				2E60A78527D647CA0015F3FD /* FullScreenCollectionViewCell.xib in Resources */,
				2EFD112427AA60560001A63D /* LaunchScreen.storyboard in Resources */,
				2EFD113427AAE3B60001A63D /* PhotoCollectionViewCell.xib in Resources */,
				2EFD111F27AA60540001A63D /* Main.storyboard in Resources */,
			);
			runOnlyForDeploymentPostprocessing = 0;
		};
/* End PBXResourcesBuildPhase section */

/* Begin PBXSourcesBuildPhase section */
		2EFD111027AA60540001A63D /* Sources */ = {
			isa = PBXSourcesBuildPhase;
			buildActionMask = 2147483647;
			files = (
				2EACC1E227E3776500159D29 /* User.swift in Sources */,
				2EACC1E827EC821600159D29 /* UserViewController.swift in Sources */,
				2EFD111C27AA60540001A63D /* ProfileViewController.swift in Sources */,
				2EFD111827AA60540001A63D /* AppDelegate.swift in Sources */,
				2EFD111A27AA60540001A63D /* SceneDelegate.swift in Sources */,
				2EACC1E427E3793300159D29 /* ModelUser.swift in Sources */,
				2E60A78127D63FAB0015F3FD /* FullScreenViewController.swift in Sources */,
				2E0513B227E357E000D6F8A7 /* UserTableViewCell.swift in Sources */,
				2EFD113027AADC890001A63D /* PhotoGallery.swift in Sources */,
				2E60A78427D647CA0015F3FD /* FullScreenCollectionViewCell.swift in Sources */,
				2E0513B027E351ED00D6F8A7 /* FriendsViewController.swift in Sources */,
				2E0513AE27E0428300D6F8A7 /* SettingsTableViewController.swift in Sources */,
				2EFD113327AAE3B60001A63D /* PhotoCollectionViewCell.swift in Sources */,
				2EFD112C27AA76B90001A63D /* SettingsViewController.swift in Sources */,
				2EFD112E27AA77C00001A63D /* GreenViewController.swift in Sources */,
				2EACC1EA27F30B4F00159D29 /* MapViewController.swift in Sources */,
			);
			runOnlyForDeploymentPostprocessing = 0;
		};
/* End PBXSourcesBuildPhase section */

/* Begin PBXVariantGroup section */
		2EFD111D27AA60540001A63D /* Main.storyboard */ = {
			isa = PBXVariantGroup;
			children = (
				2EFD111E27AA60540001A63D /* Base */,
			);
			name = Main.storyboard;
			sourceTree = "<group>";
		};
		2EFD112227AA60560001A63D /* LaunchScreen.storyboard */ = {
			isa = PBXVariantGroup;
			children = (
				2EFD112327AA60560001A63D /* Base */,
			);
			name = LaunchScreen.storyboard;
			sourceTree = "<group>";
		};
/* End PBXVariantGroup section */

/* Begin XCBuildConfiguration section */
		2EFD112627AA60560001A63D /* Debug */ = {
			isa = XCBuildConfiguration;
			buildSettings = {
				ALWAYS_SEARCH_USER_PATHS = NO;
				CLANG_ANALYZER_NONNULL = YES;
				CLANG_ANALYZER_NUMBER_OBJECT_CONVERSION = YES_AGGRESSIVE;
				CLANG_CXX_LANGUAGE_STANDARD = "gnu++17";
				CLANG_CXX_LIBRARY = "libc++";
				CLANG_ENABLE_MODULES = YES;
				CLANG_ENABLE_OBJC_ARC = YES;
				CLANG_ENABLE_OBJC_WEAK = YES;
				CLANG_WARN_BLOCK_CAPTURE_AUTORELEASING = YES;
				CLANG_WARN_BOOL_CONVERSION = YES;
				CLANG_WARN_COMMA = YES;
				CLANG_WARN_CONSTANT_CONVERSION = YES;
				CLANG_WARN_DEPRECATED_OBJC_IMPLEMENTATIONS = YES;
				CLANG_WARN_DIRECT_OBJC_ISA_USAGE = YES_ERROR;
				CLANG_WARN_DOCUMENTATION_COMMENTS = YES;
				CLANG_WARN_EMPTY_BODY = YES;
				CLANG_WARN_ENUM_CONVERSION = YES;
				CLANG_WARN_INFINITE_RECURSION = YES;
				CLANG_WARN_INT_CONVERSION = YES;
				CLANG_WARN_NON_LITERAL_NULL_CONVERSION = YES;
				CLANG_WARN_OBJC_IMPLICIT_RETAIN_SELF = YES;
				CLANG_WARN_OBJC_LITERAL_CONVERSION = YES;
				CLANG_WARN_OBJC_ROOT_CLASS = YES_ERROR;
				CLANG_WARN_QUOTED_INCLUDE_IN_FRAMEWORK_HEADER = YES;
				CLANG_WARN_RANGE_LOOP_ANALYSIS = YES;
				CLANG_WARN_STRICT_PROTOTYPES = YES;
				CLANG_WARN_SUSPICIOUS_MOVE = YES;
				CLANG_WARN_UNGUARDED_AVAILABILITY = YES_AGGRESSIVE;
				CLANG_WARN_UNREACHABLE_CODE = YES;
				CLANG_WARN__DUPLICATE_METHOD_MATCH = YES;
				COPY_PHASE_STRIP = NO;
				DEBUG_INFORMATION_FORMAT = dwarf;
				ENABLE_STRICT_OBJC_MSGSEND = YES;
				ENABLE_TESTABILITY = YES;
				GCC_C_LANGUAGE_STANDARD = gnu11;
				GCC_DYNAMIC_NO_PIC = NO;
				GCC_NO_COMMON_BLOCKS = YES;
				GCC_OPTIMIZATION_LEVEL = 0;
				GCC_PREPROCESSOR_DEFINITIONS = (
					"DEBUG=1",
					"$(inherited)",
				);
				GCC_WARN_64_TO_32_BIT_CONVERSION = YES;
				GCC_WARN_ABOUT_RETURN_TYPE = YES_ERROR;
				GCC_WARN_UNDECLARED_SELECTOR = YES;
				GCC_WARN_UNINITIALIZED_AUTOS = YES_AGGRESSIVE;
				GCC_WARN_UNUSED_FUNCTION = YES;
				GCC_WARN_UNUSED_VARIABLE = YES;
				IPHONEOS_DEPLOYMENT_TARGET = 15.2;
				MTL_ENABLE_DEBUG_INFO = INCLUDE_SOURCE;
				MTL_FAST_MATH = YES;
				ONLY_ACTIVE_ARCH = YES;
				SDKROOT = iphoneos;
				SWIFT_ACTIVE_COMPILATION_CONDITIONS = DEBUG;
				SWIFT_OPTIMIZATION_LEVEL = "-Onone";
			};
			name = Debug;
		};
		2EFD112727AA60560001A63D /* Release */ = {
			isa = XCBuildConfiguration;
			buildSettings = {
				ALWAYS_SEARCH_USER_PATHS = NO;
				CLANG_ANALYZER_NONNULL = YES;
				CLANG_ANALYZER_NUMBER_OBJECT_CONVERSION = YES_AGGRESSIVE;
				CLANG_CXX_LANGUAGE_STANDARD = "gnu++17";
				CLANG_CXX_LIBRARY = "libc++";
				CLANG_ENABLE_MODULES = YES;
				CLANG_ENABLE_OBJC_ARC = YES;
				CLANG_ENABLE_OBJC_WEAK = YES;
				CLANG_WARN_BLOCK_CAPTURE_AUTORELEASING = YES;
				CLANG_WARN_BOOL_CONVERSION = YES;
				CLANG_WARN_COMMA = YES;
				CLANG_WARN_CONSTANT_CONVERSION = YES;
				CLANG_WARN_DEPRECATED_OBJC_IMPLEMENTATIONS = YES;
				CLANG_WARN_DIRECT_OBJC_ISA_USAGE = YES_ERROR;
				CLANG_WARN_DOCUMENTATION_COMMENTS = YES;
				CLANG_WARN_EMPTY_BODY = YES;
				CLANG_WARN_ENUM_CONVERSION = YES;
				CLANG_WARN_INFINITE_RECURSION = YES;
				CLANG_WARN_INT_CONVERSION = YES;
				CLANG_WARN_NON_LITERAL_NULL_CONVERSION = YES;
				CLANG_WARN_OBJC_IMPLICIT_RETAIN_SELF = YES;
				CLANG_WARN_OBJC_LITERAL_CONVERSION = YES;
				CLANG_WARN_OBJC_ROOT_CLASS = YES_ERROR;
				CLANG_WARN_QUOTED_INCLUDE_IN_FRAMEWORK_HEADER = YES;
				CLANG_WARN_RANGE_LOOP_ANALYSIS = YES;
				CLANG_WARN_STRICT_PROTOTYPES = YES;
				CLANG_WARN_SUSPICIOUS_MOVE = YES;
				CLANG_WARN_UNGUARDED_AVAILABILITY = YES_AGGRESSIVE;
				CLANG_WARN_UNREACHABLE_CODE = YES;
				CLANG_WARN__DUPLICATE_METHOD_MATCH = YES;
				COPY_PHASE_STRIP = NO;
				DEBUG_INFORMATION_FORMAT = "dwarf-with-dsym";
				ENABLE_NS_ASSERTIONS = NO;
				ENABLE_STRICT_OBJC_MSGSEND = YES;
				GCC_C_LANGUAGE_STANDARD = gnu11;
				GCC_NO_COMMON_BLOCKS = YES;
				GCC_WARN_64_TO_32_BIT_CONVERSION = YES;
				GCC_WARN_ABOUT_RETURN_TYPE = YES_ERROR;
				GCC_WARN_UNDECLARED_SELECTOR = YES;
				GCC_WARN_UNINITIALIZED_AUTOS = YES_AGGRESSIVE;
				GCC_WARN_UNUSED_FUNCTION = YES;
				GCC_WARN_UNUSED_VARIABLE = YES;
				IPHONEOS_DEPLOYMENT_TARGET = 15.2;
				MTL_ENABLE_DEBUG_INFO = NO;
				MTL_FAST_MATH = YES;
				SDKROOT = iphoneos;
				SWIFT_COMPILATION_MODE = wholemodule;
				SWIFT_OPTIMIZATION_LEVEL = "-O";
				VALIDATE_PRODUCT = YES;
			};
			name = Release;
		};
		2EFD112927AA60560001A63D /* Debug */ = {
			isa = XCBuildConfiguration;
			buildSettings = {
				ASSETCATALOG_COMPILER_APPICON_NAME = AppIcon;
				ASSETCATALOG_COMPILER_GLOBAL_ACCENT_COLOR_NAME = AccentColor;
				CODE_SIGN_STYLE = Automatic;
				CURRENT_PROJECT_VERSION = 1;
				DEVELOPMENT_TEAM = 34Y7T7B7JW;
				GENERATE_INFOPLIST_FILE = YES;
				INFOPLIST_FILE = selfpractice/Info.plist;
				INFOPLIST_KEY_UIApplicationSupportsIndirectInputEvents = YES;
				INFOPLIST_KEY_UILaunchStoryboardName = LaunchScreen;
				INFOPLIST_KEY_UIMainStoryboardFile = Main;
				INFOPLIST_KEY_UISupportedInterfaceOrientations_iPad = "UIInterfaceOrientationPortrait UIInterfaceOrientationPortraitUpsideDown UIInterfaceOrientationLandscapeLeft UIInterfaceOrientationLandscapeRight";
				INFOPLIST_KEY_UISupportedInterfaceOrientations_iPhone = "UIInterfaceOrientationPortrait UIInterfaceOrientationLandscapeLeft UIInterfaceOrientationLandscapeRight";
				LD_RUNPATH_SEARCH_PATHS = (
					"$(inherited)",
					"@executable_path/Frameworks",
				);
				MARKETING_VERSION = 1.0;
				PRODUCT_BUNDLE_IDENTIFIER = com.appsite.selfpractice;
				PRODUCT_NAME = "$(TARGET_NAME)";
				SWIFT_EMIT_LOC_STRINGS = YES;
				SWIFT_VERSION = 5.0;
				TARGETED_DEVICE_FAMILY = "1,2";
			};
			name = Debug;
		};
		2EFD112A27AA60560001A63D /* Release */ = {
			isa = XCBuildConfiguration;
			buildSettings = {
				ASSETCATALOG_COMPILER_APPICON_NAME = AppIcon;
				ASSETCATALOG_COMPILER_GLOBAL_ACCENT_COLOR_NAME = AccentColor;
				CODE_SIGN_STYLE = Automatic;
				CURRENT_PROJECT_VERSION = 1;
				DEVELOPMENT_TEAM = 34Y7T7B7JW;
				GENERATE_INFOPLIST_FILE = YES;
				INFOPLIST_FILE = selfpractice/Info.plist;
				INFOPLIST_KEY_UIApplicationSupportsIndirectInputEvents = YES;
				INFOPLIST_KEY_UILaunchStoryboardName = LaunchScreen;
				INFOPLIST_KEY_UIMainStoryboardFile = Main;
				INFOPLIST_KEY_UISupportedInterfaceOrientations_iPad = "UIInterfaceOrientationPortrait UIInterfaceOrientationPortraitUpsideDown UIInterfaceOrientationLandscapeLeft UIInterfaceOrientationLandscapeRight";
				INFOPLIST_KEY_UISupportedInterfaceOrientations_iPhone = "UIInterfaceOrientationPortrait UIInterfaceOrientationLandscapeLeft UIInterfaceOrientationLandscapeRight";
				LD_RUNPATH_SEARCH_PATHS = (
					"$(inherited)",
					"@executable_path/Frameworks",
				);
				MARKETING_VERSION = 1.0;
				PRODUCT_BUNDLE_IDENTIFIER = com.appsite.selfpractice;
				PRODUCT_NAME = "$(TARGET_NAME)";
				SWIFT_EMIT_LOC_STRINGS = YES;
				SWIFT_VERSION = 5.0;
				TARGETED_DEVICE_FAMILY = "1,2";
			};
			name = Release;
		};
/* End XCBuildConfiguration section */

/* Begin XCConfigurationList section */
		2EFD110F27AA60540001A63D /* Build configuration list for PBXProject "selfpractice" */ = {
			isa = XCConfigurationList;
			buildConfigurations = (
				2EFD112627AA60560001A63D /* Debug */,
				2EFD112727AA60560001A63D /* Release */,
			);
			defaultConfigurationIsVisible = 0;
			defaultConfigurationName = Release;
		};
		2EFD112827AA60560001A63D /* Build configuration list for PBXNativeTarget "selfpractice" */ = {
			isa = XCConfigurationList;
			buildConfigurations = (
				2EFD112927AA60560001A63D /* Debug */,
				2EFD112A27AA60560001A63D /* Release */,
			);
			defaultConfigurationIsVisible = 0;
			defaultConfigurationName = Release;
		};
/* End XCConfigurationList section */
	};
	rootObject = 2EFD110C27AA60540001A63D /* Project object */;
}
